
Microsoft Visual Studio Solution File, Format Version 12.00
# Visual Studio Version 17
VisualStudioVersion = 17.8.34330.188
MinimumVisualStudioVersion = 10.0.40219.1
Project("{9A19103F-16F7-4668-BE54-9A1E7A4F7556}") = "AdventOfCode2023", "AdventOfCode2023\AdventOfCode2023.csproj", "{5CDA9AAC-D813-49ED-93D4-0B08D45CDBD2}"
EndProject
Project("{9A19103F-16F7-4668-BE54-9A1E7A4F7556}") = "AdventOfCode2023Tests", "AdventOfCode2023Tests\AdventOfCode2023Tests.csproj", "{69971E12-8B55-4635-843E-C56DE231AE08}"
EndProject
Global
	GlobalSection(SolutionConfigurationPlatforms) = preSolution
		Debug|Any CPU = Debug|Any CPU
		Release|Any CPU = Release|Any CPU
	EndGlobalSection
	GlobalSection(ProjectConfigurationPlatforms) = postSolution
		{5CDA9AAC-D813-49ED-93D4-0B08D45CDBD2}.Debug|Any CPU.ActiveCfg = Debug|Any CPU
		{5CDA9AAC-D813-49ED-93D4-0B08D45CDBD2}.Debug|Any CPU.Build.0 = Debug|Any CPU
		{5CDA9AAC-D813-49ED-93D4-0B08D45CDBD2}.Release|Any CPU.ActiveCfg = Release|Any CPU
		{5CDA9AAC-D813-49ED-93D4-0B08D45CDBD2}.Release|Any CPU.Build.0 = Release|Any CPU
		{69971E12-8B55-4635-843E-C56DE231AE08}.Debug|Any CPU.ActiveCfg = Debug|Any CPU
		{69971E12-8B55-4635-843E-C56DE231AE08}.Debug|Any CPU.Build.0 = Debug|Any CPU
		{69971E12-8B55-4635-843E-C56DE231AE08}.Release|Any CPU.ActiveCfg = Release|Any CPU
		{69971E12-8B55-4635-843E-C56DE231AE08}.Release|Any CPU.Build.0 = Release|Any CPU
	EndGlobalSection
	GlobalSection(SolutionProperties) = preSolution
		HideSolutionNode = FALSE
	EndGlobalSection
	GlobalSection(ExtensibilityGlobals) = postSolution
		SolutionGuid = {468DD98B-1F3A-4C68-ABA1-5A1DF5664D04}
	EndGlobalSection
EndGlobal
